
Microsoft Visual Studio Solution File, Format Version 12.00
# Visual Studio 15
Project("{FAE04EC0-301F-11D3-BF4B-00C04F79EFBC}") = "Assembly-CSharp", "Assembly-CSharp.csproj", "{15D70E7C-1769-E9FA-4254-2D3D8FECB59D}"
EndProject
Project("{FAE04EC0-301F-11D3-BF4B-00C04F79EFBC}") = "Assembly-CSharp-Editor", "Assembly-CSharp-Editor.csproj", "{AE9B100A-1050-D332-F1C8-9D5B986A5219}"
EndProject
Global
	GlobalSection(SolutionConfigurationPlatforms) = preSolution
		Debug|Any CPU = Debug|Any CPU
		Release|Any CPU = Release|Any CPU
	EndGlobalSection
	GlobalSection(ProjectConfigurationPlatforms) = postSolution
		{15D70E7C-1769-E9FA-4254-2D3D8FECB59D}.Debug|Any CPU.ActiveCfg = Debug|Any CPU
		{15D70E7C-1769-E9FA-4254-2D3D8FECB59D}.Debug|Any CPU.Build.0 = Debug|Any CPU
		{15D70E7C-1769-E9FA-4254-2D3D8FECB59D}.Release|Any CPU.ActiveCfg = Release|Any CPU
		{15D70E7C-1769-E9FA-4254-2D3D8FECB59D}.Release|Any CPU.Build.0 = Release|Any CPU
		{AE9B100A-1050-D332-F1C8-9D5B986A5219}.Debug|Any CPU.ActiveCfg = Debug|Any CPU
		{AE9B100A-1050-D332-F1C8-9D5B986A5219}.Debug|Any CPU.Build.0 = Debug|Any CPU
		{AE9B100A-1050-D332-F1C8-9D5B986A5219}.Release|Any CPU.ActiveCfg = Release|Any CPU
		{AE9B100A-1050-D332-F1C8-9D5B986A5219}.Release|Any CPU.Build.0 = Release|Any CPU
	EndGlobalSection
	GlobalSection(SolutionProperties) = preSolution
		HideSolutionNode = FALSE
	EndGlobalSection
EndGlobal
